<?xml version="1.0" encoding="UTF-8"?>
<Scheme
   version = "1.3">
   <BuildAction>
      <BuildActionEntries>
         <BuildActionEntry
            buildForRunning = "YES">
            <BuildableReference
               BuildableIdentifier = "primary"
               BlueprintIdentifier = "AE3848D4168CD86000C99B55"
               BuildableName = "CoreLocation-StaticLibSpec.app"
               BlueprintName = "CoreLocation-StaticLibSpec"
               ReferencedContainer = "container:CoreLocation.xcodeproj">
            </BuildableReference>
         </BuildActionEntry>
      </BuildActionEntries>
   </BuildAction>
   <LaunchAction
      useCustomWorkingDirectory = "NO"
      buildConfiguration = "Debug">
      <BuildableProductRunnable>
         <BuildableReference
            BuildableIdentifier = "primary"
            BlueprintIdentifier = "AE3848D4168CD86000C99B55"
            BuildableName = "CoreLocation-StaticLibSpec.app"
            BlueprintName = "CoreLocation-StaticLibSpec"
            ReferencedContainer = "container:CoreLocation.xcodeproj">
         </BuildableReference>
      </BuildableProductRunnable>
   </LaunchAction>
</Scheme>
